
Microsoft Visual Studio Solution File, Format Version 12.00
# Visual Studio Version 17
VisualStudioVersion = 17.0.31903.59
MinimumVisualStudioVersion = 10.0.40219.1
Project("{2150E333-8FDC-42A3-9474-1A3956D46DE8}") = "Files", "Files", "{FD3DD1D6-A983-4388-A722-C37E2A066D7A}"
	ProjectSection(SolutionItems) = preProject
		.editorconfig = .editorconfig
		.gitignore = .gitignore
		Circle-Me.ico = Circle-Me.ico
		Circle-Me.png = Circle-Me.png
		demoConfig.json = demoConfig.json
		LICENSE = LICENSE
		README.md = README.md
	EndProjectSection
EndProject
Project("{9A19103F-16F7-4668-BE54-9A1E7A4F7556}") = "StuartWilliams.ScatterGatherMunge.Producer", "StuartWilliams.ScatterGatherMunge.Producer\StuartWilliams.ScatterGatherMunge.Producer.csproj", "{0934353E-F78F-4333-9C77-1893FAB5D64D}"
EndProject
Project("{9A19103F-16F7-4668-BE54-9A1E7A4F7556}") = "StuartWilliams.ScatterGatherMunge.Consumer", "StuartWilliams.ScatterGatherMunge.Consumer\StuartWilliams.ScatterGatherMunge.Consumer.csproj", "{CFBDC3BC-E706-416B-8699-02B5C1E2E824}"
EndProject
Project("{2150E333-8FDC-42A3-9474-1A3956D46DE8}") = "Scripts", "Scripts", "{C0FA179E-C082-4FE3-BD88-0C779B3C7DC0}"
	ProjectSection(SolutionItems) = preProject
		scripts\rabbitmqadmin.py = scripts\rabbitmqadmin.py
		scripts\rabbitmq_peek.ps1 = scripts\rabbitmq_peek.ps1
		scripts\rabbitmq_start.ps1 = scripts\rabbitmq_start.ps1
		scripts\rabbitmq_stop.ps1 = scripts\rabbitmq_stop.ps1
		scripts\rabbitmq_web.ps1 = scripts\rabbitmq_web.ps1
		scripts\start.ps1 = scripts\start.ps1
		scripts\stop.ps1 = scripts\stop.ps1
		scripts\valkey_start.ps1 = scripts\valkey_start.ps1
		scripts\valkey_stop.ps1 = scripts\valkey_stop.ps1
	EndProjectSection
EndProject
Project("{9A19103F-16F7-4668-BE54-9A1E7A4F7556}") = "StuartWilliams.ScatterGatherMunge.Lib", "StuartWilliams.ScatterGatherMunge.Lib\StuartWilliams.ScatterGatherMunge.Lib.csproj", "{C0D4AE81-10CD-42F5-9F27-76C4573B2A86}"
EndProject
Project("{9A19103F-16F7-4668-BE54-9A1E7A4F7556}") = "StuartWilliams.ScatterGatherMunge.Lib.Tests", "StuartWilliams.ScatterGatherMunge.Lib.Tests\StuartWilliams.ScatterGatherMunge.Lib.Tests.csproj", "{2FDEFBFA-B9A7-40B9-A526-A0E6404AD35F}"
EndProject
Global
	GlobalSection(SolutionConfigurationPlatforms) = preSolution
		Debug|Any CPU = Debug|Any CPU
		Release|Any CPU = Release|Any CPU
	EndGlobalSection
	GlobalSection(ProjectConfigurationPlatforms) = postSolution
		{0934353E-F78F-4333-9C77-1893FAB5D64D}.Debug|Any CPU.ActiveCfg = Debug|Any CPU
		{0934353E-F78F-4333-9C77-1893FAB5D64D}.Debug|Any CPU.Build.0 = Debug|Any CPU
		{0934353E-F78F-4333-9C77-1893FAB5D64D}.Release|Any CPU.ActiveCfg = Release|Any CPU
		{0934353E-F78F-4333-9C77-1893FAB5D64D}.Release|Any CPU.Build.0 = Release|Any CPU
		{CFBDC3BC-E706-416B-8699-02B5C1E2E824}.Debug|Any CPU.ActiveCfg = Debug|Any CPU
		{CFBDC3BC-E706-416B-8699-02B5C1E2E824}.Debug|Any CPU.Build.0 = Debug|Any CPU
		{CFBDC3BC-E706-416B-8699-02B5C1E2E824}.Release|Any CPU.ActiveCfg = Release|Any CPU
		{CFBDC3BC-E706-416B-8699-02B5C1E2E824}.Release|Any CPU.Build.0 = Release|Any CPU
		{C0D4AE81-10CD-42F5-9F27-76C4573B2A86}.Debug|Any CPU.ActiveCfg = Debug|Any CPU
		{C0D4AE81-10CD-42F5-9F27-76C4573B2A86}.Debug|Any CPU.Build.0 = Debug|Any CPU
		{C0D4AE81-10CD-42F5-9F27-76C4573B2A86}.Release|Any CPU.ActiveCfg = Release|Any CPU
		{C0D4AE81-10CD-42F5-9F27-76C4573B2A86}.Release|Any CPU.Build.0 = Release|Any CPU
		{2FDEFBFA-B9A7-40B9-A526-A0E6404AD35F}.Debug|Any CPU.ActiveCfg = Debug|Any CPU
		{2FDEFBFA-B9A7-40B9-A526-A0E6404AD35F}.Debug|Any CPU.Build.0 = Debug|Any CPU
		{2FDEFBFA-B9A7-40B9-A526-A0E6404AD35F}.Release|Any CPU.ActiveCfg = Release|Any CPU
		{2FDEFBFA-B9A7-40B9-A526-A0E6404AD35F}.Release|Any CPU.Build.0 = Release|Any CPU
	EndGlobalSection
	GlobalSection(SolutionProperties) = preSolution
		HideSolutionNode = FALSE
	EndGlobalSection
	GlobalSection(ExtensibilityGlobals) = postSolution
		SolutionGuid = {A7EA873D-E162-4134-9AB4-7C8AA843600D}
	EndGlobalSection
EndGlobal
